
Microsoft Visual Studio Solution File, Format Version 11.00
# Visual Studio 2010
Project("{FAE04EC0-301F-11D3-BF4B-00C04F79EFBC}") = "Calib3D", "Calib3D\Calib3D.csproj", "{1D6F587E-AFF2-4CFF-B454-8F0058AE7555}"
EndProject
Project("{FAE04EC0-301F-11D3-BF4B-00C04F79EFBC}") = "Calib3D.CheckerBoard", "Calib3D.CheckerBoard\Calib3D.CheckerBoard.csproj", "{3B597D69-E20F-4799-AA3E-DAB2DBFC9D09}"
EndProject
Project("{FAE04EC0-301F-11D3-BF4B-00C04F79EFBC}") = "Calib3D.Marker", "Calib3D.Marker\Calib3D.Marker.csproj", "{2B8BBAC1-6BE6-4ACB-873C-23CD6A29D3C8}"
EndProject
Project("{FAE04EC0-301F-11D3-BF4B-00C04F79EFBC}") = "CommandLineExamples", "CommandLineExamples\CommandLineExamples.csproj", "{71DFB72F-D617-49BA-B93F-16598E9B42E8}"
EndProject
Project("{FAE04EC0-301F-11D3-BF4B-00C04F79EFBC}") = "Calib3D.Feature", "Calib3D.Feature\Calib3D.Feature.csproj", "{F93B21B5-6E13-4455-97F9-3F7FC31FCC36}"
EndProject
Global
	GlobalSection(SolutionConfigurationPlatforms) = preSolution
		Debug|Any CPU = Debug|Any CPU
		Debug|Mixed Platforms = Debug|Mixed Platforms
		Debug|x86 = Debug|x86
		Release|Any CPU = Release|Any CPU
		Release|Mixed Platforms = Release|Mixed Platforms
		Release|x86 = Release|x86
	EndGlobalSection
	GlobalSection(ProjectConfigurationPlatforms) = postSolution
		{1D6F587E-AFF2-4CFF-B454-8F0058AE7555}.Debug|Any CPU.ActiveCfg = Debug|Any CPU
		{1D6F587E-AFF2-4CFF-B454-8F0058AE7555}.Debug|Any CPU.Build.0 = Debug|Any CPU
		{1D6F587E-AFF2-4CFF-B454-8F0058AE7555}.Debug|Mixed Platforms.ActiveCfg = Debug|x86
		{1D6F587E-AFF2-4CFF-B454-8F0058AE7555}.Debug|Mixed Platforms.Build.0 = Debug|x86
		{1D6F587E-AFF2-4CFF-B454-8F0058AE7555}.Debug|x86.ActiveCfg = Debug|x86
		{1D6F587E-AFF2-4CFF-B454-8F0058AE7555}.Debug|x86.Build.0 = Debug|x86
		{1D6F587E-AFF2-4CFF-B454-8F0058AE7555}.Release|Any CPU.ActiveCfg = Release|Any CPU
		{1D6F587E-AFF2-4CFF-B454-8F0058AE7555}.Release|Any CPU.Build.0 = Release|Any CPU
		{1D6F587E-AFF2-4CFF-B454-8F0058AE7555}.Release|Mixed Platforms.ActiveCfg = Release|x86
		{1D6F587E-AFF2-4CFF-B454-8F0058AE7555}.Release|Mixed Platforms.Build.0 = Release|x86
		{1D6F587E-AFF2-4CFF-B454-8F0058AE7555}.Release|x86.ActiveCfg = Release|x86
		{1D6F587E-AFF2-4CFF-B454-8F0058AE7555}.Release|x86.Build.0 = Release|x86
		{3B597D69-E20F-4799-AA3E-DAB2DBFC9D09}.Debug|Any CPU.ActiveCfg = Debug|Any CPU
		{3B597D69-E20F-4799-AA3E-DAB2DBFC9D09}.Debug|Any CPU.Build.0 = Debug|Any CPU
		{3B597D69-E20F-4799-AA3E-DAB2DBFC9D09}.Debug|Mixed Platforms.ActiveCfg = Debug|x86
		{3B597D69-E20F-4799-AA3E-DAB2DBFC9D09}.Debug|Mixed Platforms.Build.0 = Debug|x86
		{3B597D69-E20F-4799-AA3E-DAB2DBFC9D09}.Debug|x86.ActiveCfg = Debug|x86
		{3B597D69-E20F-4799-AA3E-DAB2DBFC9D09}.Debug|x86.Build.0 = Debug|x86
		{3B597D69-E20F-4799-AA3E-DAB2DBFC9D09}.Release|Any CPU.ActiveCfg = Release|Any CPU
		{3B597D69-E20F-4799-AA3E-DAB2DBFC9D09}.Release|Any CPU.Build.0 = Release|Any CPU
		{3B597D69-E20F-4799-AA3E-DAB2DBFC9D09}.Release|Mixed Platforms.ActiveCfg = Release|x86
		{3B597D69-E20F-4799-AA3E-DAB2DBFC9D09}.Release|Mixed Platforms.Build.0 = Release|x86
		{3B597D69-E20F-4799-AA3E-DAB2DBFC9D09}.Release|x86.ActiveCfg = Release|x86
		{3B597D69-E20F-4799-AA3E-DAB2DBFC9D09}.Release|x86.Build.0 = Release|x86
		{2B8BBAC1-6BE6-4ACB-873C-23CD6A29D3C8}.Debug|Any CPU.ActiveCfg = Debug|Any CPU
		{2B8BBAC1-6BE6-4ACB-873C-23CD6A29D3C8}.Debug|Any CPU.Build.0 = Debug|Any CPU
		{2B8BBAC1-6BE6-4ACB-873C-23CD6A29D3C8}.Debug|Mixed Platforms.ActiveCfg = Debug|x86
		{2B8BBAC1-6BE6-4ACB-873C-23CD6A29D3C8}.Debug|Mixed Platforms.Build.0 = Debug|x86
		{2B8BBAC1-6BE6-4ACB-873C-23CD6A29D3C8}.Debug|x86.ActiveCfg = Debug|x86
		{2B8BBAC1-6BE6-4ACB-873C-23CD6A29D3C8}.Debug|x86.Build.0 = Debug|x86
		{2B8BBAC1-6BE6-4ACB-873C-23CD6A29D3C8}.Release|Any CPU.ActiveCfg = Release|Any CPU
		{2B8BBAC1-6BE6-4ACB-873C-23CD6A29D3C8}.Release|Any CPU.Build.0 = Release|Any CPU
		{2B8BBAC1-6BE6-4ACB-873C-23CD6A29D3C8}.Release|Mixed Platforms.ActiveCfg = Release|x86
		{2B8BBAC1-6BE6-4ACB-873C-23CD6A29D3C8}.Release|Mixed Platforms.Build.0 = Release|x86
		{2B8BBAC1-6BE6-4ACB-873C-23CD6A29D3C8}.Release|x86.ActiveCfg = Release|x86
		{2B8BBAC1-6BE6-4ACB-873C-23CD6A29D3C8}.Release|x86.Build.0 = Release|x86
		{71DFB72F-D617-49BA-B93F-16598E9B42E8}.Debug|Any CPU.ActiveCfg = Debug|x86
		{71DFB72F-D617-49BA-B93F-16598E9B42E8}.Debug|Mixed Platforms.ActiveCfg = Debug|x86
		{71DFB72F-D617-49BA-B93F-16598E9B42E8}.Debug|Mixed Platforms.Build.0 = Debug|x86
		{71DFB72F-D617-49BA-B93F-16598E9B42E8}.Debug|x86.ActiveCfg = Debug|x86
		{71DFB72F-D617-49BA-B93F-16598E9B42E8}.Debug|x86.Build.0 = Debug|x86
		{71DFB72F-D617-49BA-B93F-16598E9B42E8}.Release|Any CPU.ActiveCfg = Release|x86
		{71DFB72F-D617-49BA-B93F-16598E9B42E8}.Release|Mixed Platforms.ActiveCfg = Release|x86
		{71DFB72F-D617-49BA-B93F-16598E9B42E8}.Release|Mixed Platforms.Build.0 = Release|x86
		{71DFB72F-D617-49BA-B93F-16598E9B42E8}.Release|x86.ActiveCfg = Release|x86
		{71DFB72F-D617-49BA-B93F-16598E9B42E8}.Release|x86.Build.0 = Release|x86
		{F93B21B5-6E13-4455-97F9-3F7FC31FCC36}.Debug|Any CPU.ActiveCfg = Debug|Any CPU
		{F93B21B5-6E13-4455-97F9-3F7FC31FCC36}.Debug|Any CPU.Build.0 = Debug|Any CPU
		{F93B21B5-6E13-4455-97F9-3F7FC31FCC36}.Debug|Mixed Platforms.ActiveCfg = Debug|Any CPU
		{F93B21B5-6E13-4455-97F9-3F7FC31FCC36}.Debug|Mixed Platforms.Build.0 = Debug|Any CPU
		{F93B21B5-6E13-4455-97F9-3F7FC31FCC36}.Debug|x86.ActiveCfg = Debug|x86
		{F93B21B5-6E13-4455-97F9-3F7FC31FCC36}.Debug|x86.Build.0 = Debug|x86
		{F93B21B5-6E13-4455-97F9-3F7FC31FCC36}.Release|Any CPU.ActiveCfg = Release|Any CPU
		{F93B21B5-6E13-4455-97F9-3F7FC31FCC36}.Release|Any CPU.Build.0 = Release|Any CPU
		{F93B21B5-6E13-4455-97F9-3F7FC31FCC36}.Release|Mixed Platforms.ActiveCfg = Release|Any CPU
		{F93B21B5-6E13-4455-97F9-3F7FC31FCC36}.Release|Mixed Platforms.Build.0 = Release|Any CPU
		{F93B21B5-6E13-4455-97F9-3F7FC31FCC36}.Release|x86.ActiveCfg = Release|x86
		{F93B21B5-6E13-4455-97F9-3F7FC31FCC36}.Release|x86.Build.0 = Release|x86
	EndGlobalSection
	GlobalSection(SolutionProperties) = preSolution
		HideSolutionNode = FALSE
	EndGlobalSection
EndGlobal
